
Microsoft Visual Studio Solution File, Format Version 12.00
# Visual Studio Version 16
VisualStudioVersion = 16.0.29721.120
MinimumVisualStudioVersion = 10.0.40219.1
Project("{9A19103F-16F7-4668-BE54-9A1E7A4F7556}") = "Neo1", "Neo1\Neo1.csproj", "{CAA13D39-9592-4A69-BDD3-68631C4F6E70}"
EndProject
Project("{9A19103F-16F7-4668-BE54-9A1E7A4F7556}") = "MenuLib", "MenuLib\MenuLib.csproj", "{A11C1023-C211-44E1-B55A-95537FC28866}"
EndProject
Project("{FAE04EC0-301F-11D3-BF4B-00C04F79EFBC}") = "MenuTest", "MenuTest\MenuTest.csproj", "{B0A7B611-2506-428F-B132-53A55BF5D2CB}"
EndProject
Global
	GlobalSection(SolutionConfigurationPlatforms) = preSolution
		Debug|Any CPU = Debug|Any CPU
		Release|Any CPU = Release|Any CPU
	EndGlobalSection
	GlobalSection(ProjectConfigurationPlatforms) = postSolution
		{CAA13D39-9592-4A69-BDD3-68631C4F6E70}.Debug|Any CPU.ActiveCfg = Debug|Any CPU
		{CAA13D39-9592-4A69-BDD3-68631C4F6E70}.Debug|Any CPU.Build.0 = Debug|Any CPU
		{CAA13D39-9592-4A69-BDD3-68631C4F6E70}.Release|Any CPU.ActiveCfg = Release|Any CPU
		{CAA13D39-9592-4A69-BDD3-68631C4F6E70}.Release|Any CPU.Build.0 = Release|Any CPU
		{A11C1023-C211-44E1-B55A-95537FC28866}.Debug|Any CPU.ActiveCfg = Debug|Any CPU
		{A11C1023-C211-44E1-B55A-95537FC28866}.Debug|Any CPU.Build.0 = Debug|Any CPU
		{A11C1023-C211-44E1-B55A-95537FC28866}.Release|Any CPU.ActiveCfg = Release|Any CPU
		{A11C1023-C211-44E1-B55A-95537FC28866}.Release|Any CPU.Build.0 = Release|Any CPU
		{B0A7B611-2506-428F-B132-53A55BF5D2CB}.Debug|Any CPU.ActiveCfg = Debug|Any CPU
		{B0A7B611-2506-428F-B132-53A55BF5D2CB}.Debug|Any CPU.Build.0 = Debug|Any CPU
		{B0A7B611-2506-428F-B132-53A55BF5D2CB}.Release|Any CPU.ActiveCfg = Release|Any CPU
		{B0A7B611-2506-428F-B132-53A55BF5D2CB}.Release|Any CPU.Build.0 = Release|Any CPU
	EndGlobalSection
	GlobalSection(SolutionProperties) = preSolution
		HideSolutionNode = FALSE
	EndGlobalSection
	GlobalSection(ExtensibilityGlobals) = postSolution
		SolutionGuid = {36872EBA-BD17-4922-8FB3-1B2A845CA649}
	EndGlobalSection
EndGlobal
